
Microsoft Visual Studio Solution File, Format Version 12.00
# Visual Studio Version 17
VisualStudioVersion = 17.0.31903.59
MinimumVisualStudioVersion = 10.0.40219.1
Project("{FAE04EC0-301F-11D3-BF4B-00C04F79EFBC}") = "ShopApp.API", "ShopApp.App\ShopApp.API.csproj", "{CCE965B5-C457-4950-AC55-AF828E9567E1}"
EndProject
Project("{FAE04EC0-301F-11D3-BF4B-00C04F79EFBC}") = "ShopApp.CLI", "ShopApp.CLI\ShopApp.CLI.csproj", "{BD9913B2-49E9-4FFF-9E92-6AA5C1EE3414}"
EndProject
Project("{FAE04EC0-301F-11D3-BF4B-00C04F79EFBC}") = "ShopApp.DAL", "ShopApp.DAL\ShopApp.DAL.csproj", "{119668ED-5DD5-470E-896D-8146A79BDF79}"
EndProject
Global
	GlobalSection(SolutionConfigurationPlatforms) = preSolution
		Debug|Any CPU = Debug|Any CPU
		Release|Any CPU = Release|Any CPU
	EndGlobalSection
	GlobalSection(SolutionProperties) = preSolution
		HideSolutionNode = FALSE
	EndGlobalSection
	GlobalSection(ProjectConfigurationPlatforms) = postSolution
		{C38338E4-9034-4453-9BCA-A7E74133E414}.Debug|Any CPU.ActiveCfg = Debug|Any CPU
		{C38338E4-9034-4453-9BCA-A7E74133E414}.Debug|Any CPU.Build.0 = Debug|Any CPU
		{C38338E4-9034-4453-9BCA-A7E74133E414}.Release|Any CPU.ActiveCfg = Release|Any CPU
		{C38338E4-9034-4453-9BCA-A7E74133E414}.Release|Any CPU.Build.0 = Release|Any CPU
		{CCE965B5-C457-4950-AC55-AF828E9567E1}.Debug|Any CPU.ActiveCfg = Debug|Any CPU
		{CCE965B5-C457-4950-AC55-AF828E9567E1}.Debug|Any CPU.Build.0 = Debug|Any CPU
		{CCE965B5-C457-4950-AC55-AF828E9567E1}.Release|Any CPU.ActiveCfg = Release|Any CPU
		{CCE965B5-C457-4950-AC55-AF828E9567E1}.Release|Any CPU.Build.0 = Release|Any CPU
		{BD9913B2-49E9-4FFF-9E92-6AA5C1EE3414}.Debug|Any CPU.ActiveCfg = Debug|Any CPU
		{BD9913B2-49E9-4FFF-9E92-6AA5C1EE3414}.Debug|Any CPU.Build.0 = Debug|Any CPU
		{BD9913B2-49E9-4FFF-9E92-6AA5C1EE3414}.Release|Any CPU.ActiveCfg = Release|Any CPU
		{BD9913B2-49E9-4FFF-9E92-6AA5C1EE3414}.Release|Any CPU.Build.0 = Release|Any CPU
		{119668ED-5DD5-470E-896D-8146A79BDF79}.Debug|Any CPU.ActiveCfg = Debug|Any CPU
		{119668ED-5DD5-470E-896D-8146A79BDF79}.Debug|Any CPU.Build.0 = Debug|Any CPU
		{119668ED-5DD5-470E-896D-8146A79BDF79}.Release|Any CPU.ActiveCfg = Release|Any CPU
		{119668ED-5DD5-470E-896D-8146A79BDF79}.Release|Any CPU.Build.0 = Release|Any CPU
	EndGlobalSection
EndGlobal
